
Microsoft Visual Studio Solution File, Format Version 12.00
# Visual Studio Version 16
VisualStudioVersion = 16.0.31613.86
MinimumVisualStudioVersion = 10.0.40219.1
Project("{FAE04EC0-301F-11D3-BF4B-00C04F79EFBC}") = "ScriptRun", "ScriptRun.csproj", "{173B13B4-5564-4492-A10B-E2DF9B6D9F96}"
EndProject
Project("{FAE04EC0-301F-11D3-BF4B-00C04F79EFBC}") = "ScriptRunTest", "..\ScriptRunTest\ScriptRunTest.csproj", "{3DADC0F8-0183-4CAC-9920-6609B41BCAFA}"
EndProject
Global
	GlobalSection(SolutionConfigurationPlatforms) = preSolution
		Debug|Any CPU = Debug|Any CPU
		Release|Any CPU = Release|Any CPU
	EndGlobalSection
	GlobalSection(ProjectConfigurationPlatforms) = postSolution
		{173B13B4-5564-4492-A10B-E2DF9B6D9F96}.Debug|Any CPU.ActiveCfg = Debug|Any CPU
		{173B13B4-5564-4492-A10B-E2DF9B6D9F96}.Debug|Any CPU.Build.0 = Debug|Any CPU
		{173B13B4-5564-4492-A10B-E2DF9B6D9F96}.Release|Any CPU.ActiveCfg = Release|Any CPU
		{173B13B4-5564-4492-A10B-E2DF9B6D9F96}.Release|Any CPU.Build.0 = Release|Any CPU
		{3DADC0F8-0183-4CAC-9920-6609B41BCAFA}.Debug|Any CPU.ActiveCfg = Debug|Any CPU
		{3DADC0F8-0183-4CAC-9920-6609B41BCAFA}.Debug|Any CPU.Build.0 = Debug|Any CPU
		{3DADC0F8-0183-4CAC-9920-6609B41BCAFA}.Release|Any CPU.ActiveCfg = Release|Any CPU
		{3DADC0F8-0183-4CAC-9920-6609B41BCAFA}.Release|Any CPU.Build.0 = Release|Any CPU
	EndGlobalSection
	GlobalSection(SolutionProperties) = preSolution
		HideSolutionNode = FALSE
	EndGlobalSection
	GlobalSection(ExtensibilityGlobals) = postSolution
		SolutionGuid = {5440C210-F1C2-4BA3-B485-785562018045}
	EndGlobalSection
EndGlobal
