
Microsoft Visual Studio Solution File, Format Version 12.00
# Visual Studio Version 16
VisualStudioVersion = 16.0.31624.102
MinimumVisualStudioVersion = 10.0.40219.1
Project("{FAE04EC0-301F-11D3-BF4B-00C04F79EFBC}") = "SyncRequest", "SyncRequest.csproj", "{26B965D4-45E9-417E-B5B5-A9160795CD99}"
EndProject
Global
	GlobalSection(SolutionConfigurationPlatforms) = preSolution
		Debug|Any CPU = Debug|Any CPU
		Release|Any CPU = Release|Any CPU
	EndGlobalSection
	GlobalSection(ProjectConfigurationPlatforms) = postSolution
		{26B965D4-45E9-417E-B5B5-A9160795CD99}.Debug|Any CPU.ActiveCfg = Debug|Any CPU
		{26B965D4-45E9-417E-B5B5-A9160795CD99}.Debug|Any CPU.Build.0 = Debug|Any CPU
		{26B965D4-45E9-417E-B5B5-A9160795CD99}.Release|Any CPU.ActiveCfg = Release|Any CPU
		{26B965D4-45E9-417E-B5B5-A9160795CD99}.Release|Any CPU.Build.0 = Release|Any CPU
	EndGlobalSection
	GlobalSection(SolutionProperties) = preSolution
		HideSolutionNode = FALSE
	EndGlobalSection
	GlobalSection(ExtensibilityGlobals) = postSolution
		SolutionGuid = {5F5135DD-B419-41D5-8B2E-D69A05537788}
	EndGlobalSection
EndGlobal
