
Microsoft Visual Studio Solution File, Format Version 12.00
# Visual Studio Version 16
VisualStudioVersion = 16.0.32106.194
MinimumVisualStudioVersion = 10.0.40219.1
Project("{FAE04EC0-301F-11D3-BF4B-00C04F79EFBC}") = "SanitizeStringForJson", "SanitizeStringForJson.csproj", "{B439A71B-EC94-4CBD-97BD-9AD31F6E3AA2}"
EndProject
Global
	GlobalSection(SolutionConfigurationPlatforms) = preSolution
		Debug|Any CPU = Debug|Any CPU
		Release|Any CPU = Release|Any CPU
	EndGlobalSection
	GlobalSection(ProjectConfigurationPlatforms) = postSolution
		{B439A71B-EC94-4CBD-97BD-9AD31F6E3AA2}.Debug|Any CPU.ActiveCfg = Debug|Any CPU
		{B439A71B-EC94-4CBD-97BD-9AD31F6E3AA2}.Debug|Any CPU.Build.0 = Debug|Any CPU
		{B439A71B-EC94-4CBD-97BD-9AD31F6E3AA2}.Release|Any CPU.ActiveCfg = Release|Any CPU
		{B439A71B-EC94-4CBD-97BD-9AD31F6E3AA2}.Release|Any CPU.Build.0 = Release|Any CPU
	EndGlobalSection
	GlobalSection(SolutionProperties) = preSolution
		HideSolutionNode = FALSE
	EndGlobalSection
	GlobalSection(ExtensibilityGlobals) = postSolution
		SolutionGuid = {9B6F7B56-D43D-4612-AC67-4451CBE1ECED}
	EndGlobalSection
EndGlobal
